
Microsoft Visual Studio Solution File, Format Version 12.00
# Visual Studio Version 17
VisualStudioVersion = 17.6.33801.468
MinimumVisualStudioVersion = 10.0.40219.1
Project("{FAE04EC0-301F-11D3-BF4B-00C04F79EFBC}") = "EncryptDecryptProgram", "EncryptDecryptProgram.csproj", "{95D09A6A-A198-4852-A506-C15043733B09}"
EndProject
Global
	GlobalSection(SolutionConfigurationPlatforms) = preSolution
		Debug|Any CPU = Debug|Any CPU
		Release|Any CPU = Release|Any CPU
	EndGlobalSection
	GlobalSection(ProjectConfigurationPlatforms) = postSolution
		{95D09A6A-A198-4852-A506-C15043733B09}.Debug|Any CPU.ActiveCfg = Debug|Any CPU
		{95D09A6A-A198-4852-A506-C15043733B09}.Debug|Any CPU.Build.0 = Debug|Any CPU
		{95D09A6A-A198-4852-A506-C15043733B09}.Release|Any CPU.ActiveCfg = Release|Any CPU
		{95D09A6A-A198-4852-A506-C15043733B09}.Release|Any CPU.Build.0 = Release|Any CPU
	EndGlobalSection
	GlobalSection(SolutionProperties) = preSolution
		HideSolutionNode = FALSE
	EndGlobalSection
	GlobalSection(ExtensibilityGlobals) = postSolution
		SolutionGuid = {0AB5691C-8DCC-4605-B966-9866D762EDC6}
	EndGlobalSection
EndGlobal
